
Microsoft Visual Studio Solution File, Format Version 12.00
# Visual Studio Version 17
VisualStudioVersion = 17.4.33205.214
MinimumVisualStudioVersion = 10.0.40219.1
Project("{FAE04EC0-301F-11D3-BF4B-00C04F79EFBC}") = "FirstBlazorApp", "FirstBlazorApp\FirstBlazorApp.csproj", "{7A9BD428-4083-472F-AD06-114727D4C20D}"
EndProject
Global
	GlobalSection(SolutionConfigurationPlatforms) = preSolution
		Debug|Any CPU = Debug|Any CPU
		Release|Any CPU = Release|Any CPU
	EndGlobalSection
	GlobalSection(ProjectConfigurationPlatforms) = postSolution
		{7A9BD428-4083-472F-AD06-114727D4C20D}.Debug|Any CPU.ActiveCfg = Debug|Any CPU
		{7A9BD428-4083-472F-AD06-114727D4C20D}.Debug|Any CPU.Build.0 = Debug|Any CPU
		{7A9BD428-4083-472F-AD06-114727D4C20D}.Release|Any CPU.ActiveCfg = Release|Any CPU
		{7A9BD428-4083-472F-AD06-114727D4C20D}.Release|Any CPU.Build.0 = Release|Any CPU
	EndGlobalSection
	GlobalSection(SolutionProperties) = preSolution
		HideSolutionNode = FALSE
	EndGlobalSection
	GlobalSection(ExtensibilityGlobals) = postSolution
		SolutionGuid = {180D2E76-FC69-416F-B130-83E3D7F2EAE8}
	EndGlobalSection
EndGlobal
